
Microsoft Visual Studio Solution File, Format Version 12.00
# Visual Studio 15
VisualStudioVersion = 15.0.27428.2015
MinimumVisualStudioVersion = 10.0.40219.1
Project("{FAE04EC0-301F-11D3-BF4B-00C04F79EFBC}") = "ScreenCapture", "ScreenCapture\ScreenCapture.csproj", "{6FD44C45-0123-4B59-B27C-3A327A79412E}"
EndProject
Global
	GlobalSection(SolutionConfigurationPlatforms) = preSolution
		Debug|Any CPU = Debug|Any CPU
		Release|Any CPU = Release|Any CPU
	EndGlobalSection
	GlobalSection(ProjectConfigurationPlatforms) = postSolution
		{6FD44C45-0123-4B59-B27C-3A327A79412E}.Debug|Any CPU.ActiveCfg = Debug|Any CPU
		{6FD44C45-0123-4B59-B27C-3A327A79412E}.Debug|Any CPU.Build.0 = Debug|Any CPU
		{6FD44C45-0123-4B59-B27C-3A327A79412E}.Release|Any CPU.ActiveCfg = Release|Any CPU
		{6FD44C45-0123-4B59-B27C-3A327A79412E}.Release|Any CPU.Build.0 = Release|Any CPU
	EndGlobalSection
	GlobalSection(SolutionProperties) = preSolution
		HideSolutionNode = FALSE
	EndGlobalSection
	GlobalSection(ExtensibilityGlobals) = postSolution
		SolutionGuid = {40557321-9475-4B1B-9FA3-E37B238EE45C}
	EndGlobalSection
EndGlobal
